
Microsoft Visual Studio Solution File, Format Version 12.00
# Visual Studio 2013
VisualStudioVersion = 12.0.30723.0
MinimumVisualStudioVersion = 10.0.40219.1
Project("{FAE04EC0-301F-11D3-BF4B-00C04F79EFBC}") = "Spreadsheet", "Spreadsheet\Spreadsheet.csproj", "{DE16E8CF-51B2-429F-87C8-EC6D3B65827D}"
EndProject
Project("{FAE04EC0-301F-11D3-BF4B-00C04F79EFBC}") = "Resources", "Resources\Resources.csproj", "{A040106B-3BCC-4458-B128-D13B64A5D842}"
EndProject
Project("{FAE04EC0-301F-11D3-BF4B-00C04F79EFBC}") = "SpreadsheetTester", "SpreadsheetTester\SpreadsheetTester.csproj", "{3141A0F5-16C0-498D-9E5A-3FBC5AF329B8}"
EndProject
Global
	GlobalSection(SolutionConfigurationPlatforms) = preSolution
		Debug|Any CPU = Debug|Any CPU
		Release|Any CPU = Release|Any CPU
	EndGlobalSection
	GlobalSection(ProjectConfigurationPlatforms) = postSolution
		{DE16E8CF-51B2-429F-87C8-EC6D3B65827D}.Debug|Any CPU.ActiveCfg = Debug|Any CPU
		{DE16E8CF-51B2-429F-87C8-EC6D3B65827D}.Debug|Any CPU.Build.0 = Debug|Any CPU
		{DE16E8CF-51B2-429F-87C8-EC6D3B65827D}.Release|Any CPU.ActiveCfg = Release|Any CPU
		{DE16E8CF-51B2-429F-87C8-EC6D3B65827D}.Release|Any CPU.Build.0 = Release|Any CPU
		{A040106B-3BCC-4458-B128-D13B64A5D842}.Debug|Any CPU.ActiveCfg = Debug|Any CPU
		{A040106B-3BCC-4458-B128-D13B64A5D842}.Debug|Any CPU.Build.0 = Debug|Any CPU
		{A040106B-3BCC-4458-B128-D13B64A5D842}.Release|Any CPU.ActiveCfg = Release|Any CPU
		{A040106B-3BCC-4458-B128-D13B64A5D842}.Release|Any CPU.Build.0 = Release|Any CPU
		{3141A0F5-16C0-498D-9E5A-3FBC5AF329B8}.Debug|Any CPU.ActiveCfg = Debug|Any CPU
		{3141A0F5-16C0-498D-9E5A-3FBC5AF329B8}.Debug|Any CPU.Build.0 = Debug|Any CPU
		{3141A0F5-16C0-498D-9E5A-3FBC5AF329B8}.Release|Any CPU.ActiveCfg = Release|Any CPU
		{3141A0F5-16C0-498D-9E5A-3FBC5AF329B8}.Release|Any CPU.Build.0 = Release|Any CPU
	EndGlobalSection
	GlobalSection(SolutionProperties) = preSolution
		HideSolutionNode = FALSE
	EndGlobalSection
EndGlobal
